// !$*UTF8*$!
{
	archiveVersion = 1;
	classes = {
	};
	objectVersion = 56;
	objects = {

/* Begin PBXBuildFile section */
		531D33222CC08F8B00FD3219 /* AppDelegate.swift in Sources */ = {isa = PBXBuildFile; fileRef = 531D33212CC08F8B00FD3219 /* AppDelegate.swift */; };
		531D332B2CC08F8C00FD3219 /* Assets.xcassets in Resources */ = {isa = PBXBuildFile; fileRef = 531D332A2CC08F8C00FD3219 /* Assets.xcassets */; };
		531D332E2CC08F8C00FD3219 /* LaunchScreen.storyboard in Resources */ = {isa = PBXBuildFile; fileRef = 531D332C2CC08F8C00FD3219 /* LaunchScreen.storyboard */; };
		536B1DC22CC0914800C5BE8D /* TabBarController.swift in Sources */ = {isa = PBXBuildFile; fileRef = 536B1DC12CC0914800C5BE8D /* TabBarController.swift */; };
		536B1DD52CC092C700C5BE8D /* HomeViewController.swift in Sources */ = {isa = PBXBuildFile; fileRef = 536B1DD32CC092C700C5BE8D /* HomeViewController.swift */; };
		536B1DD62CC092C700C5BE8D /* HomeViewController.xib in Resources */ = {isa = PBXBuildFile; fileRef = 536B1DD42CC092C700C5BE8D /* HomeViewController.xib */; };
		536B1DD82CC092CF00C5BE8D /* HomeViewModel.swift in Sources */ = {isa = PBXBuildFile; fileRef = 536B1DD72CC092CF00C5BE8D /* HomeViewModel.swift */; };
		536B1DDB2CC092E800C5BE8D /* ReceiptHistoryViewController.swift in Sources */ = {isa = PBXBuildFile; fileRef = 536B1DD92CC092E800C5BE8D /* ReceiptHistoryViewController.swift */; };
		536B1DDC2CC092E800C5BE8D /* ReceiptHistoryViewController.xib in Resources */ = {isa = PBXBuildFile; fileRef = 536B1DDA2CC092E800C5BE8D /* ReceiptHistoryViewController.xib */; };
		536B1DDE2CC092F200C5BE8D /* ReceiptHistoryViewModel.swift in Sources */ = {isa = PBXBuildFile; fileRef = 536B1DDD2CC092F200C5BE8D /* ReceiptHistoryViewModel.swift */; };
		536B1DE02CC093D500C5BE8D /* ExportViewModel.swift in Sources */ = {isa = PBXBuildFile; fileRef = 536B1DDF2CC093D500C5BE8D /* ExportViewModel.swift */; };
		536B1DE32CC093E500C5BE8D /* ExportViewController.swift in Sources */ = {isa = PBXBuildFile; fileRef = 536B1DE12CC093E500C5BE8D /* ExportViewController.swift */; };
		536B1DE42CC093E500C5BE8D /* ExportViewController.xib in Resources */ = {isa = PBXBuildFile; fileRef = 536B1DE22CC093E500C5BE8D /* ExportViewController.xib */; };
		536B1DE62CC093FE00C5BE8D /* SettingViewModel.swift in Sources */ = {isa = PBXBuildFile; fileRef = 536B1DE52CC093FE00C5BE8D /* SettingViewModel.swift */; };
		536B1DE92CC0941000C5BE8D /* SettingViewController.swift in Sources */ = {isa = PBXBuildFile; fileRef = 536B1DE72CC0941000C5BE8D /* SettingViewController.swift */; };
		536B1DEA2CC0941000C5BE8D /* SettingViewController.xib in Resources */ = {isa = PBXBuildFile; fileRef = 536B1DE82CC0941000C5BE8D /* SettingViewController.xib */; };
		536B1DEC2CC0942200C5BE8D /* ReceiptDetailViewModel.swift in Sources */ = {isa = PBXBuildFile; fileRef = 536B1DEB2CC0942200C5BE8D /* ReceiptDetailViewModel.swift */; };
		536B1DEF2CC0943400C5BE8D /* ReceiptDetailViewController.swift in Sources */ = {isa = PBXBuildFile; fileRef = 536B1DED2CC0943400C5BE8D /* ReceiptDetailViewController.swift */; };
		536B1DF02CC0943400C5BE8D /* ReceiptDetailViewController.xib in Resources */ = {isa = PBXBuildFile; fileRef = 536B1DEE2CC0943400C5BE8D /* ReceiptDetailViewController.xib */; };
		536B1DF22CC0944500C5BE8D /* ReceiptScanViewModel.swift in Sources */ = {isa = PBXBuildFile; fileRef = 536B1DF12CC0944500C5BE8D /* ReceiptScanViewModel.swift */; };
		536B1DF52CC0945800C5BE8D /* ReceiptScanViewController.swift in Sources */ = {isa = PBXBuildFile; fileRef = 536B1DF32CC0945800C5BE8D /* ReceiptScanViewController.swift */; };
		536B1DF62CC0945800C5BE8D /* ReceiptScanViewController.xib in Resources */ = {isa = PBXBuildFile; fileRef = 536B1DF42CC0945800C5BE8D /* ReceiptScanViewController.xib */; };
/* End PBXBuildFile section */

/* Begin PBXFileReference section */
		531D331E2CC08F8B00FD3219 /* SmartReceipt.app */ = {isa = PBXFileReference; explicitFileType = wrapper.application; includeInIndex = 0; path = SmartReceipt.app; sourceTree = BUILT_PRODUCTS_DIR; };
		531D33212CC08F8B00FD3219 /* AppDelegate.swift */ = {isa = PBXFileReference; lastKnownFileType = sourcecode.swift; path = AppDelegate.swift; sourceTree = "<group>"; };
		531D332A2CC08F8C00FD3219 /* Assets.xcassets */ = {isa = PBXFileReference; lastKnownFileType = folder.assetcatalog; path = Assets.xcassets; sourceTree = "<group>"; };
		531D332D2CC08F8C00FD3219 /* Base */ = {isa = PBXFileReference; lastKnownFileType = file.storyboard; name = Base; path = Base.lproj/LaunchScreen.storyboard; sourceTree = "<group>"; };
		531D332F2CC08F8C00FD3219 /* Info.plist */ = {isa = PBXFileReference; lastKnownFileType = text.plist.xml; path = Info.plist; sourceTree = "<group>"; };
		536B1DC12CC0914800C5BE8D /* TabBarController.swift */ = {isa = PBXFileReference; lastKnownFileType = sourcecode.swift; path = TabBarController.swift; sourceTree = "<group>"; };
		536B1DD32CC092C700C5BE8D /* HomeViewController.swift */ = {isa = PBXFileReference; lastKnownFileType = sourcecode.swift; path = HomeViewController.swift; sourceTree = "<group>"; };
		536B1DD42CC092C700C5BE8D /* HomeViewController.xib */ = {isa = PBXFileReference; lastKnownFileType = file.xib; path = HomeViewController.xib; sourceTree = "<group>"; };
		536B1DD72CC092CF00C5BE8D /* HomeViewModel.swift */ = {isa = PBXFileReference; lastKnownFileType = sourcecode.swift; path = HomeViewModel.swift; sourceTree = "<group>"; };
		536B1DD92CC092E800C5BE8D /* ReceiptHistoryViewController.swift */ = {isa = PBXFileReference; lastKnownFileType = sourcecode.swift; path = ReceiptHistoryViewController.swift; sourceTree = "<group>"; };
		536B1DDA2CC092E800C5BE8D /* ReceiptHistoryViewController.xib */ = {isa = PBXFileReference; lastKnownFileType = file.xib; path = ReceiptHistoryViewController.xib; sourceTree = "<group>"; };
		536B1DDD2CC092F200C5BE8D /* ReceiptHistoryViewModel.swift */ = {isa = PBXFileReference; lastKnownFileType = sourcecode.swift; path = ReceiptHistoryViewModel.swift; sourceTree = "<group>"; };
		536B1DDF2CC093D500C5BE8D /* ExportViewModel.swift */ = {isa = PBXFileReference; lastKnownFileType = sourcecode.swift; path = ExportViewModel.swift; sourceTree = "<group>"; };
		536B1DE12CC093E500C5BE8D /* ExportViewController.swift */ = {isa = PBXFileReference; lastKnownFileType = sourcecode.swift; path = ExportViewController.swift; sourceTree = "<group>"; };
		536B1DE22CC093E500C5BE8D /* ExportViewController.xib */ = {isa = PBXFileReference; lastKnownFileType = file.xib; path = ExportViewController.xib; sourceTree = "<group>"; };
		536B1DE52CC093FE00C5BE8D /* SettingViewModel.swift */ = {isa = PBXFileReference; lastKnownFileType = sourcecode.swift; path = SettingViewModel.swift; sourceTree = "<group>"; };
		536B1DE72CC0941000C5BE8D /* SettingViewController.swift */ = {isa = PBXFileReference; lastKnownFileType = sourcecode.swift; path = SettingViewController.swift; sourceTree = "<group>"; };
		536B1DE82CC0941000C5BE8D /* SettingViewController.xib */ = {isa = PBXFileReference; lastKnownFileType = file.xib; path = SettingViewController.xib; sourceTree = "<group>"; };
		536B1DEB2CC0942200C5BE8D /* ReceiptDetailViewModel.swift */ = {isa = PBXFileReference; lastKnownFileType = sourcecode.swift; path = ReceiptDetailViewModel.swift; sourceTree = "<group>"; };
		536B1DED2CC0943400C5BE8D /* ReceiptDetailViewController.swift */ = {isa = PBXFileReference; lastKnownFileType = sourcecode.swift; path = ReceiptDetailViewController.swift; sourceTree = "<group>"; };
		536B1DEE2CC0943400C5BE8D /* ReceiptDetailViewController.xib */ = {isa = PBXFileReference; lastKnownFileType = file.xib; path = ReceiptDetailViewController.xib; sourceTree = "<group>"; };
		536B1DF12CC0944500C5BE8D /* ReceiptScanViewModel.swift */ = {isa = PBXFileReference; lastKnownFileType = sourcecode.swift; path = ReceiptScanViewModel.swift; sourceTree = "<group>"; };
		536B1DF32CC0945800C5BE8D /* ReceiptScanViewController.swift */ = {isa = PBXFileReference; lastKnownFileType = sourcecode.swift; path = ReceiptScanViewController.swift; sourceTree = "<group>"; };
		536B1DF42CC0945800C5BE8D /* ReceiptScanViewController.xib */ = {isa = PBXFileReference; lastKnownFileType = file.xib; path = ReceiptScanViewController.xib; sourceTree = "<group>"; };
		536B1DF82CC0971B00C5BE8D /* Debug.xcconfig */ = {isa = PBXFileReference; lastKnownFileType = text.xcconfig; path = Debug.xcconfig; sourceTree = "<group>"; };
		536B1DF92CC0972800C5BE8D /* Release.xcconfig */ = {isa = PBXFileReference; lastKnownFileType = text.xcconfig; path = Release.xcconfig; sourceTree = "<group>"; };
/* End PBXFileReference section */

/* Begin PBXFrameworksBuildPhase section */
		531D331B2CC08F8B00FD3219 /* Frameworks */ = {
			isa = PBXFrameworksBuildPhase;
			buildActionMask = 2147483647;
			files = (
			);
			runOnlyForDeploymentPostprocessing = 0;
		};
/* End PBXFrameworksBuildPhase section */

/* Begin PBXGroup section */
		531D33152CC08F8B00FD3219 = {
			isa = PBXGroup;
			children = (
				531D33202CC08F8B00FD3219 /* SmartReceipt */,
				531D331F2CC08F8B00FD3219 /* Products */,
			);
			sourceTree = "<group>";
		};
		531D331F2CC08F8B00FD3219 /* Products */ = {
			isa = PBXGroup;
			children = (
				531D331E2CC08F8B00FD3219 /* SmartReceipt.app */,
			);
			name = Products;
			sourceTree = "<group>";
		};
		531D33202CC08F8B00FD3219 /* SmartReceipt */ = {
			isa = PBXGroup;
			children = (
				536B1DBC2CC0901C00C5BE8D /* Storyboards */,
				531D33362CC08FEC00FD3219 /* Resources */,
				531D33352CC08FE500FD3219 /* Scripts */,
			);
			path = SmartReceipt;
			sourceTree = "<group>";
		};
		531D33352CC08FE500FD3219 /* Scripts */ = {
			isa = PBXGroup;
			children = (
				531D33212CC08F8B00FD3219 /* AppDelegate.swift */,
				536B1DBD2CC0905300C5BE8D /* ViewControllers */,
			);
			path = Scripts;
			sourceTree = "<group>";
		};
		531D33362CC08FEC00FD3219 /* Resources */ = {
			isa = PBXGroup;
			children = (
				531D332A2CC08F8C00FD3219 /* Assets.xcassets */,
				531D332F2CC08F8C00FD3219 /* Info.plist */,
				536B1DF72CC0964200C5BE8D /* Config */,
			);
			path = Resources;
			sourceTree = "<group>";
		};
		536B1DBC2CC0901C00C5BE8D /* Storyboards */ = {
			isa = PBXGroup;
			children = (
				531D332C2CC08F8C00FD3219 /* LaunchScreen.storyboard */,
			);
			path = Storyboards;
			sourceTree = "<group>";
		};
		536B1DBD2CC0905300C5BE8D /* ViewControllers */ = {
			isa = PBXGroup;
			children = (
				536B1DC52CC0920500C5BE8D /* TabBar */,
				536B1DC42CC091DF00C5BE8D /* ReceiptDetail */,
				536B1DC32CC091D100C5BE8D /* ReceiptScan */,
			);
			path = ViewControllers;
			sourceTree = "<group>";
		};
		536B1DBE2CC0907200C5BE8D /* Home */ = {
			isa = PBXGroup;
			children = (
				536B1DC02CC0907E00C5BE8D /* ViewController */,
				536B1DBF2CC0907800C5BE8D /* ViewModel */,
			);
			path = Home;
			sourceTree = "<group>";
		};
		536B1DBF2CC0907800C5BE8D /* ViewModel */ = {
			isa = PBXGroup;
			children = (
				536B1DD72CC092CF00C5BE8D /* HomeViewModel.swift */,
			);
			path = ViewModel;
			sourceTree = "<group>";
		};
		536B1DC02CC0907E00C5BE8D /* ViewController */ = {
			isa = PBXGroup;
			children = (
				536B1DD32CC092C700C5BE8D /* HomeViewController.swift */,
				536B1DD42CC092C700C5BE8D /* HomeViewController.xib */,
			);
			path = ViewController;
			sourceTree = "<group>";
		};
		536B1DC32CC091D100C5BE8D /* ReceiptScan */ = {
			isa = PBXGroup;
			children = (
				536B1DD22CC092AB00C5BE8D /* ViewController */,
				536B1DD02CC092A000C5BE8D /* ViewModel */,
			);
			path = ReceiptScan;
			sourceTree = "<group>";
		};
		536B1DC42CC091DF00C5BE8D /* ReceiptDetail */ = {
			isa = PBXGroup;
			children = (
				536B1DD12CC092A500C5BE8D /* ViewController */,
				536B1DCF2CC0929B00C5BE8D /* ViewModel */,
			);
			path = ReceiptDetail;
			sourceTree = "<group>";
		};
		536B1DC52CC0920500C5BE8D /* TabBar */ = {
			isa = PBXGroup;
			children = (
				536B1DC12CC0914800C5BE8D /* TabBarController.swift */,
				536B1DBE2CC0907200C5BE8D /* Home */,
				536B1DC62CC0921C00C5BE8D /* ReceiptHistory */,
				536B1DC72CC0923C00C5BE8D /* Export */,
				536B1DC82CC0924900C5BE8D /* Setting */,
			);
			path = TabBar;
			sourceTree = "<group>";
		};
		536B1DC62CC0921C00C5BE8D /* ReceiptHistory */ = {
			isa = PBXGroup;
			children = (
				536B1DCA2CC0927200C5BE8D /* ViewController */,
				536B1DC92CC0926D00C5BE8D /* ViewModel */,
			);
			path = ReceiptHistory;
			sourceTree = "<group>";
		};
		536B1DC72CC0923C00C5BE8D /* Export */ = {
			isa = PBXGroup;
			children = (
				536B1DCC2CC0928200C5BE8D /* ViewController */,
				536B1DCB2CC0927D00C5BE8D /* ViewModel */,
			);
			path = Export;
			sourceTree = "<group>";
		};
		536B1DC82CC0924900C5BE8D /* Setting */ = {
			isa = PBXGroup;
			children = (
				536B1DCE2CC0928D00C5BE8D /* ViewController */,
				536B1DCD2CC0928800C5BE8D /* ViewModel */,
			);
			path = Setting;
			sourceTree = "<group>";
		};
		536B1DC92CC0926D00C5BE8D /* ViewModel */ = {
			isa = PBXGroup;
			children = (
				536B1DDD2CC092F200C5BE8D /* ReceiptHistoryViewModel.swift */,
			);
			path = ViewModel;
			sourceTree = "<group>";
		};
		536B1DCA2CC0927200C5BE8D /* ViewController */ = {
			isa = PBXGroup;
			children = (
				536B1DD92CC092E800C5BE8D /* ReceiptHistoryViewController.swift */,
				536B1DDA2CC092E800C5BE8D /* ReceiptHistoryViewController.xib */,
			);
			path = ViewController;
			sourceTree = "<group>";
		};
		536B1DCB2CC0927D00C5BE8D /* ViewModel */ = {
			isa = PBXGroup;
			children = (
				536B1DDF2CC093D500C5BE8D /* ExportViewModel.swift */,
			);
			path = ViewModel;
			sourceTree = "<group>";
		};
		536B1DCC2CC0928200C5BE8D /* ViewController */ = {
			isa = PBXGroup;
			children = (
				536B1DE12CC093E500C5BE8D /* ExportViewController.swift */,
				536B1DE22CC093E500C5BE8D /* ExportViewController.xib */,
			);
			path = ViewController;
			sourceTree = "<group>";
		};
		536B1DCD2CC0928800C5BE8D /* ViewModel */ = {
			isa = PBXGroup;
			children = (
				536B1DE52CC093FE00C5BE8D /* SettingViewModel.swift */,
			);
			path = ViewModel;
			sourceTree = "<group>";
		};
		536B1DCE2CC0928D00C5BE8D /* ViewController */ = {
			isa = PBXGroup;
			children = (
				536B1DE72CC0941000C5BE8D /* SettingViewController.swift */,
				536B1DE82CC0941000C5BE8D /* SettingViewController.xib */,
			);
			path = ViewController;
			sourceTree = "<group>";
		};
		536B1DCF2CC0929B00C5BE8D /* ViewModel */ = {
			isa = PBXGroup;
			children = (
				536B1DEB2CC0942200C5BE8D /* ReceiptDetailViewModel.swift */,
			);
			path = ViewModel;
			sourceTree = "<group>";
		};
		536B1DD02CC092A000C5BE8D /* ViewModel */ = {
			isa = PBXGroup;
			children = (
				536B1DF12CC0944500C5BE8D /* ReceiptScanViewModel.swift */,
			);
			path = ViewModel;
			sourceTree = "<group>";
		};
		536B1DD12CC092A500C5BE8D /* ViewController */ = {
			isa = PBXGroup;
			children = (
				536B1DED2CC0943400C5BE8D /* ReceiptDetailViewController.swift */,
				536B1DEE2CC0943400C5BE8D /* ReceiptDetailViewController.xib */,
			);
			path = ViewController;
			sourceTree = "<group>";
		};
		536B1DD22CC092AB00C5BE8D /* ViewController */ = {
			isa = PBXGroup;
			children = (
				536B1DF32CC0945800C5BE8D /* ReceiptScanViewController.swift */,
				536B1DF42CC0945800C5BE8D /* ReceiptScanViewController.xib */,
			);
			path = ViewController;
			sourceTree = "<group>";
		};
		536B1DF72CC0964200C5BE8D /* Config */ = {
			isa = PBXGroup;
			children = (
				536B1DF82CC0971B00C5BE8D /* Debug.xcconfig */,
				536B1DF92CC0972800C5BE8D /* Release.xcconfig */,
			);
			path = Config;
			sourceTree = "<group>";
		};
/* End PBXGroup section */

/* Begin PBXNativeTarget section */
		531D331D2CC08F8B00FD3219 /* SmartReceipt */ = {
			isa = PBXNativeTarget;
			buildConfigurationList = 531D33322CC08F8C00FD3219 /* Build configuration list for PBXNativeTarget "SmartReceipt" */;
			buildPhases = (
				531D331A2CC08F8B00FD3219 /* Sources */,
				531D331B2CC08F8B00FD3219 /* Frameworks */,
				531D331C2CC08F8B00FD3219 /* Resources */,
			);
			buildRules = (
			);
			dependencies = (
			);
			name = SmartReceipt;
			productName = SmartReceipt;
			productReference = 531D331E2CC08F8B00FD3219 /* SmartReceipt.app */;
			productType = "com.apple.product-type.application";
		};
/* End PBXNativeTarget section */

/* Begin PBXProject section */
		531D33162CC08F8B00FD3219 /* Project object */ = {
			isa = PBXProject;
			attributes = {
				BuildIndependentTargetsInParallel = 1;
				LastSwiftUpdateCheck = 1520;
				LastUpgradeCheck = 1520;
				TargetAttributes = {
					531D331D2CC08F8B00FD3219 = {
						CreatedOnToolsVersion = 15.2;
					};
				};
			};
			buildConfigurationList = 531D33192CC08F8B00FD3219 /* Build configuration list for PBXProject "SmartReceipt" */;
			compatibilityVersion = "Xcode 14.0";
			developmentRegion = en;
			hasScannedForEncodings = 0;
			knownRegions = (
				en,
				Base,
			);
			mainGroup = 531D33152CC08F8B00FD3219;
			productRefGroup = 531D331F2CC08F8B00FD3219 /* Products */;
			projectDirPath = "";
			projectRoot = "";
			targets = (
				531D331D2CC08F8B00FD3219 /* SmartReceipt */,
			);
		};
/* End PBXProject section */

/* Begin PBXResourcesBuildPhase section */
		531D331C2CC08F8B00FD3219 /* Resources */ = {
			isa = PBXResourcesBuildPhase;
			buildActionMask = 2147483647;
			files = (
				536B1DDC2CC092E800C5BE8D /* ReceiptHistoryViewController.xib in Resources */,
				536B1DEA2CC0941000C5BE8D /* SettingViewController.xib in Resources */,
				536B1DF02CC0943400C5BE8D /* ReceiptDetailViewController.xib in Resources */,
				531D332E2CC08F8C00FD3219 /* LaunchScreen.storyboard in Resources */,
				531D332B2CC08F8C00FD3219 /* Assets.xcassets in Resources */,
				536B1DE42CC093E500C5BE8D /* ExportViewController.xib in Resources */,
				536B1DF62CC0945800C5BE8D /* ReceiptScanViewController.xib in Resources */,
				536B1DD62CC092C700C5BE8D /* HomeViewController.xib in Resources */,
			);
			runOnlyForDeploymentPostprocessing = 0;
		};
/* End PBXResourcesBuildPhase section */

/* Begin PBXSourcesBuildPhase section */
		531D331A2CC08F8B00FD3219 /* Sources */ = {
			isa = PBXSourcesBuildPhase;
			buildActionMask = 2147483647;
			files = (
				536B1DDE2CC092F200C5BE8D /* ReceiptHistoryViewModel.swift in Sources */,
				531D33222CC08F8B00FD3219 /* AppDelegate.swift in Sources */,
				536B1DC22CC0914800C5BE8D /* TabBarController.swift in Sources */,
				536B1DF22CC0944500C5BE8D /* ReceiptScanViewModel.swift in Sources */,
				536B1DD52CC092C700C5BE8D /* HomeViewController.swift in Sources */,
				536B1DDB2CC092E800C5BE8D /* ReceiptHistoryViewController.swift in Sources */,
				536B1DEC2CC0942200C5BE8D /* ReceiptDetailViewModel.swift in Sources */,
				536B1DE92CC0941000C5BE8D /* SettingViewController.swift in Sources */,
				536B1DF52CC0945800C5BE8D /* ReceiptScanViewController.swift in Sources */,
				536B1DE02CC093D500C5BE8D /* ExportViewModel.swift in Sources */,
				536B1DE32CC093E500C5BE8D /* ExportViewController.swift in Sources */,
				536B1DE62CC093FE00C5BE8D /* SettingViewModel.swift in Sources */,
				536B1DEF2CC0943400C5BE8D /* ReceiptDetailViewController.swift in Sources */,
				536B1DD82CC092CF00C5BE8D /* HomeViewModel.swift in Sources */,
			);
			runOnlyForDeploymentPostprocessing = 0;
		};
/* End PBXSourcesBuildPhase section */

/* Begin PBXVariantGroup section */
		531D332C2CC08F8C00FD3219 /* LaunchScreen.storyboard */ = {
			isa = PBXVariantGroup;
			children = (
				531D332D2CC08F8C00FD3219 /* Base */,
			);
			name = LaunchScreen.storyboard;
			sourceTree = "<group>";
		};
/* End PBXVariantGroup section */

/* Begin XCBuildConfiguration section */
		531D33302CC08F8C00FD3219 /* Debug */ = {
			isa = XCBuildConfiguration;
			buildSettings = {
				ALWAYS_SEARCH_USER_PATHS = NO;
				ASSETCATALOG_COMPILER_GENERATE_SWIFT_ASSET_SYMBOL_EXTENSIONS = YES;
				CLANG_ANALYZER_NONNULL = YES;
				CLANG_ANALYZER_NUMBER_OBJECT_CONVERSION = YES_AGGRESSIVE;
				CLANG_CXX_LANGUAGE_STANDARD = "gnu++20";
				CLANG_ENABLE_MODULES = YES;
				CLANG_ENABLE_OBJC_ARC = YES;
				CLANG_ENABLE_OBJC_WEAK = YES;
				CLANG_WARN_BLOCK_CAPTURE_AUTORELEASING = YES;
				CLANG_WARN_BOOL_CONVERSION = YES;
				CLANG_WARN_COMMA = YES;
				CLANG_WARN_CONSTANT_CONVERSION = YES;
				CLANG_WARN_DEPRECATED_OBJC_IMPLEMENTATIONS = YES;
				CLANG_WARN_DIRECT_OBJC_ISA_USAGE = YES_ERROR;
				CLANG_WARN_DOCUMENTATION_COMMENTS = YES;
				CLANG_WARN_EMPTY_BODY = YES;
				CLANG_WARN_ENUM_CONVERSION = YES;
				CLANG_WARN_INFINITE_RECURSION = YES;
				CLANG_WARN_INT_CONVERSION = YES;
				CLANG_WARN_NON_LITERAL_NULL_CONVERSION = YES;
				CLANG_WARN_OBJC_IMPLICIT_RETAIN_SELF = YES;
				CLANG_WARN_OBJC_LITERAL_CONVERSION = YES;
				CLANG_WARN_OBJC_ROOT_CLASS = YES_ERROR;
				CLANG_WARN_QUOTED_INCLUDE_IN_FRAMEWORK_HEADER = YES;
				CLANG_WARN_RANGE_LOOP_ANALYSIS = YES;
				CLANG_WARN_STRICT_PROTOTYPES = YES;
				CLANG_WARN_SUSPICIOUS_MOVE = YES;
				CLANG_WARN_UNGUARDED_AVAILABILITY = YES_AGGRESSIVE;
				CLANG_WARN_UNREACHABLE_CODE = YES;
				CLANG_WARN__DUPLICATE_METHOD_MATCH = YES;
				COPY_PHASE_STRIP = NO;
				DEBUG_INFORMATION_FORMAT = dwarf;
				ENABLE_STRICT_OBJC_MSGSEND = YES;
				ENABLE_TESTABILITY = YES;
				ENABLE_USER_SCRIPT_SANDBOXING = YES;
				GCC_C_LANGUAGE_STANDARD = gnu17;
				GCC_DYNAMIC_NO_PIC = NO;
				GCC_NO_COMMON_BLOCKS = YES;
				GCC_OPTIMIZATION_LEVEL = 0;
				GCC_PREPROCESSOR_DEFINITIONS = (
					"DEBUG=1",
					"$(inherited)",
				);
				GCC_WARN_64_TO_32_BIT_CONVERSION = YES;
				GCC_WARN_ABOUT_RETURN_TYPE = YES_ERROR;
				GCC_WARN_UNDECLARED_SELECTOR = YES;
				GCC_WARN_UNINITIALIZED_AUTOS = YES_AGGRESSIVE;
				GCC_WARN_UNUSED_FUNCTION = YES;
				GCC_WARN_UNUSED_VARIABLE = YES;
				IPHONEOS_DEPLOYMENT_TARGET = 17.2;
				LOCALIZATION_PREFERS_STRING_CATALOGS = YES;
				MTL_ENABLE_DEBUG_INFO = INCLUDE_SOURCE;
				MTL_FAST_MATH = YES;
				ONLY_ACTIVE_ARCH = YES;
				SDKROOT = iphoneos;
				SWIFT_ACTIVE_COMPILATION_CONDITIONS = "DEBUG $(inherited)";
				SWIFT_OPTIMIZATION_LEVEL = "-Onone";
			};
			name = Debug;
		};
		531D33312CC08F8C00FD3219 /* Release */ = {
			isa = XCBuildConfiguration;
			buildSettings = {
				ALWAYS_SEARCH_USER_PATHS = NO;
				ASSETCATALOG_COMPILER_GENERATE_SWIFT_ASSET_SYMBOL_EXTENSIONS = YES;
				CLANG_ANALYZER_NONNULL = YES;
				CLANG_ANALYZER_NUMBER_OBJECT_CONVERSION = YES_AGGRESSIVE;
				CLANG_CXX_LANGUAGE_STANDARD = "gnu++20";
				CLANG_ENABLE_MODULES = YES;
				CLANG_ENABLE_OBJC_ARC = YES;
				CLANG_ENABLE_OBJC_WEAK = YES;
				CLANG_WARN_BLOCK_CAPTURE_AUTORELEASING = YES;
				CLANG_WARN_BOOL_CONVERSION = YES;
				CLANG_WARN_COMMA = YES;
				CLANG_WARN_CONSTANT_CONVERSION = YES;
				CLANG_WARN_DEPRECATED_OBJC_IMPLEMENTATIONS = YES;
				CLANG_WARN_DIRECT_OBJC_ISA_USAGE = YES_ERROR;
				CLANG_WARN_DOCUMENTATION_COMMENTS = YES;
				CLANG_WARN_EMPTY_BODY = YES;
				CLANG_WARN_ENUM_CONVERSION = YES;
				CLANG_WARN_INFINITE_RECURSION = YES;
				CLANG_WARN_INT_CONVERSION = YES;
				CLANG_WARN_NON_LITERAL_NULL_CONVERSION = YES;
				CLANG_WARN_OBJC_IMPLICIT_RETAIN_SELF = YES;
				CLANG_WARN_OBJC_LITERAL_CONVERSION = YES;
				CLANG_WARN_OBJC_ROOT_CLASS = YES_ERROR;
				CLANG_WARN_QUOTED_INCLUDE_IN_FRAMEWORK_HEADER = YES;
				CLANG_WARN_RANGE_LOOP_ANALYSIS = YES;
				CLANG_WARN_STRICT_PROTOTYPES = YES;
				CLANG_WARN_SUSPICIOUS_MOVE = YES;
				CLANG_WARN_UNGUARDED_AVAILABILITY = YES_AGGRESSIVE;
				CLANG_WARN_UNREACHABLE_CODE = YES;
				CLANG_WARN__DUPLICATE_METHOD_MATCH = YES;
				COPY_PHASE_STRIP = NO;
				DEBUG_INFORMATION_FORMAT = "dwarf-with-dsym";
				ENABLE_NS_ASSERTIONS = NO;
				ENABLE_STRICT_OBJC_MSGSEND = YES;
				ENABLE_USER_SCRIPT_SANDBOXING = YES;
				GCC_C_LANGUAGE_STANDARD = gnu17;
				GCC_NO_COMMON_BLOCKS = YES;
				GCC_WARN_64_TO_32_BIT_CONVERSION = YES;
				GCC_WARN_ABOUT_RETURN_TYPE = YES_ERROR;
				GCC_WARN_UNDECLARED_SELECTOR = YES;
				GCC_WARN_UNINITIALIZED_AUTOS = YES_AGGRESSIVE;
				GCC_WARN_UNUSED_FUNCTION = YES;
				GCC_WARN_UNUSED_VARIABLE = YES;
				IPHONEOS_DEPLOYMENT_TARGET = 17.2;
				LOCALIZATION_PREFERS_STRING_CATALOGS = YES;
				MTL_ENABLE_DEBUG_INFO = NO;
				MTL_FAST_MATH = YES;
				SDKROOT = iphoneos;
				SWIFT_COMPILATION_MODE = wholemodule;
				VALIDATE_PRODUCT = YES;
			};
			name = Release;
		};
		531D33332CC08F8C00FD3219 /* Debug */ = {
			isa = XCBuildConfiguration;
			baseConfigurationReference = 536B1DF82CC0971B00C5BE8D /* Debug.xcconfig */;
			buildSettings = {
				ASSETCATALOG_COMPILER_APPICON_NAME = AppIcon;
				ASSETCATALOG_COMPILER_GLOBAL_ACCENT_COLOR_NAME = AccentColor;
				CODE_SIGN_STYLE = Automatic;
				CURRENT_PROJECT_VERSION = 1;
				DEVELOPMENT_TEAM = 952NHA938Y;
				GENERATE_INFOPLIST_FILE = YES;
				INFOPLIST_FILE = SmartReceipt/Resources/Info.plist;
				INFOPLIST_KEY_UIApplicationSupportsIndirectInputEvents = YES;
				INFOPLIST_KEY_UILaunchStoryboardName = LaunchScreen;
				INFOPLIST_KEY_UISupportedInterfaceOrientations_iPad = "UIInterfaceOrientationPortrait UIInterfaceOrientationPortraitUpsideDown UIInterfaceOrientationLandscapeLeft UIInterfaceOrientationLandscapeRight";
				INFOPLIST_KEY_UISupportedInterfaceOrientations_iPhone = "UIInterfaceOrientationPortrait UIInterfaceOrientationLandscapeLeft UIInterfaceOrientationLandscapeRight";
				LD_RUNPATH_SEARCH_PATHS = (
					"$(inherited)",
					"@executable_path/Frameworks",
				);
				MARKETING_VERSION = 1.0;
				PRODUCT_NAME = "$(TARGET_NAME)";
				SWIFT_EMIT_LOC_STRINGS = YES;
				SWIFT_VERSION = 5.0;
				TARGETED_DEVICE_FAMILY = "1,2";
			};
			name = Debug;
		};
		531D33342CC08F8C00FD3219 /* Release */ = {
			isa = XCBuildConfiguration;
			baseConfigurationReference = 536B1DF92CC0972800C5BE8D /* Release.xcconfig */;
			buildSettings = {
				ASSETCATALOG_COMPILER_APPICON_NAME = AppIcon;
				ASSETCATALOG_COMPILER_GLOBAL_ACCENT_COLOR_NAME = AccentColor;
				CODE_SIGN_STYLE = Automatic;
				CURRENT_PROJECT_VERSION = 1;
				DEVELOPMENT_TEAM = 952NHA938Y;
				GENERATE_INFOPLIST_FILE = YES;
				INFOPLIST_FILE = SmartReceipt/Resources/Info.plist;
				INFOPLIST_KEY_UIApplicationSupportsIndirectInputEvents = YES;
				INFOPLIST_KEY_UILaunchStoryboardName = LaunchScreen;
				INFOPLIST_KEY_UISupportedInterfaceOrientations_iPad = "UIInterfaceOrientationPortrait UIInterfaceOrientationPortraitUpsideDown UIInterfaceOrientationLandscapeLeft UIInterfaceOrientationLandscapeRight";
				INFOPLIST_KEY_UISupportedInterfaceOrientations_iPhone = "UIInterfaceOrientationPortrait UIInterfaceOrientationLandscapeLeft UIInterfaceOrientationLandscapeRight";
				LD_RUNPATH_SEARCH_PATHS = (
					"$(inherited)",
					"@executable_path/Frameworks",
				);
				MARKETING_VERSION = 1.0;
				PRODUCT_NAME = "$(TARGET_NAME)";
				SWIFT_EMIT_LOC_STRINGS = YES;
				SWIFT_VERSION = 5.0;
				TARGETED_DEVICE_FAMILY = "1,2";
			};
			name = Release;
		};
/* End XCBuildConfiguration section */

/* Begin XCConfigurationList section */
		531D33192CC08F8B00FD3219 /* Build configuration list for PBXProject "SmartReceipt" */ = {
			isa = XCConfigurationList;
			buildConfigurations = (
				531D33302CC08F8C00FD3219 /* Debug */,
				531D33312CC08F8C00FD3219 /* Release */,
			);
			defaultConfigurationIsVisible = 0;
			defaultConfigurationName = Release;
		};
		531D33322CC08F8C00FD3219 /* Build configuration list for PBXNativeTarget "SmartReceipt" */ = {
			isa = XCConfigurationList;
			buildConfigurations = (
				531D33332CC08F8C00FD3219 /* Debug */,
				531D33342CC08F8C00FD3219 /* Release */,
			);
			defaultConfigurationIsVisible = 0;
			defaultConfigurationName = Release;
		};
/* End XCConfigurationList section */
	};
	rootObject = 531D33162CC08F8B00FD3219 /* Project object */;
}
